// !$*UTF8*$!
{
	archiveVersion = 1;
	classes = {
	};
	objectVersion = 50;
	objects = {

/* Begin PBXBuildFile section */
		186129FE22559BB800C6B3E7 /* ColletionviewController.m in Sources */ = {isa = PBXBuildFile; fileRef = 186129FD22559BB800C6B3E7 /* ColletionviewController.m */; };
		18612A012255A53400C6B3E7 /* WaterFlowLayout.m in Sources */ = {isa = PBXBuildFile; fileRef = 18612A002255A53400C6B3E7 /* WaterFlowLayout.m */; };
		18CDE2A7225305BF0000F7B2 /* ButtonController.m in Sources */ = {isa = PBXBuildFile; fileRef = 18CDE2A6225305BF0000F7B2 /* ButtonController.m */; };
		18CDE2AA225306D70000F7B2 /* CommonTools.m in Sources */ = {isa = PBXBuildFile; fileRef = 18CDE2A9225306D70000F7B2 /* CommonTools.m */; };
		18E42CFE22543E2E00BF92A2 /* BarItemController.m in Sources */ = {isa = PBXBuildFile; fileRef = 18E42CFD22543E2E00BF92A2 /* BarItemController.m */; };
		18E42D00225440D400BF92A2 /* 970DFED771023CDF0E9428A12A9FECF3.gif in Resources */ = {isa = PBXBuildFile; fileRef = 18E42CFF225440D400BF92A2 /* 970DFED771023CDF0E9428A12A9FECF3.gif */; };
		18E42D02225440DE00BF92A2 /* 123.png in Resources */ = {isa = PBXBuildFile; fileRef = 18E42D01225440DE00BF92A2 /* 123.png */; };
		18E42D06225443FF00BF92A2 /* TableviewController.m in Sources */ = {isa = PBXBuildFile; fileRef = 18E42D05225443FF00BF92A2 /* TableviewController.m */; };
		18EED22B2252020800ACEF25 /* AppDelegate.m in Sources */ = {isa = PBXBuildFile; fileRef = 18EED22A2252020800ACEF25 /* AppDelegate.m */; };
		18EED2332252020800ACEF25 /* Assets.xcassets in Resources */ = {isa = PBXBuildFile; fileRef = 18EED2322252020800ACEF25 /* Assets.xcassets */; };
		18EED2362252020800ACEF25 /* LaunchScreen.storyboard in Resources */ = {isa = PBXBuildFile; fileRef = 18EED2342252020800ACEF25 /* LaunchScreen.storyboard */; };
		18EED2392252020800ACEF25 /* main.m in Sources */ = {isa = PBXBuildFile; fileRef = 18EED2382252020800ACEF25 /* main.m */; };
		18EED2432252020800ACEF25 /* IOSBASETests.m in Sources */ = {isa = PBXBuildFile; fileRef = 18EED2422252020800ACEF25 /* IOSBASETests.m */; };
		18EED24E2252020900ACEF25 /* IOSBASEUITests.m in Sources */ = {isa = PBXBuildFile; fileRef = 18EED24D2252020900ACEF25 /* IOSBASEUITests.m */; };
		18EED25C22520A0500ACEF25 /* base_list.plist in Resources */ = {isa = PBXBuildFile; fileRef = 18EED25B22520A0500ACEF25 /* base_list.plist */; };
		18EED26822520B8500ACEF25 /* LabelViewController.m in Sources */ = {isa = PBXBuildFile; fileRef = 18EED26722520B8500ACEF25 /* LabelViewController.m */; };
		18EED272225217DB00ACEF25 /* ViewController.m in Sources */ = {isa = PBXBuildFile; fileRef = 18EED271225217DB00ACEF25 /* ViewController.m */; };
		18EED27522521A4700ACEF25 /* ViewManager.m in Sources */ = {isa = PBXBuildFile; fileRef = 18EED27422521A4700ACEF25 /* ViewManager.m */; };
		18EED27822521EFE00ACEF25 /* DataOBJ.m in Sources */ = {isa = PBXBuildFile; fileRef = 18EED27722521EFE00ACEF25 /* DataOBJ.m */; };
		4A7544F755E2CFFCE98E0490 /* libPods-IOSBASETests.a in Frameworks */ = {isa = PBXBuildFile; fileRef = 99DEFECD31CEF2CB045EC5F2 /* libPods-IOSBASETests.a */; };
		566820EA850789697D234428 /* libPods-IOSBASE.a in Frameworks */ = {isa = PBXBuildFile; fileRef = E99579F074A6CF0B48626E8F /* libPods-IOSBASE.a */; };
		F6F15BC66FDBD435472F3058 /* libPods-IOSBASEUITests.a in Frameworks */ = {isa = PBXBuildFile; fileRef = 127FF3DB5BEF57D3F200943C /* libPods-IOSBASEUITests.a */; };
/* End PBXBuildFile section */

/* Begin PBXContainerItemProxy section */
		18EED23F2252020800ACEF25 /* PBXContainerItemProxy */ = {
			isa = PBXContainerItemProxy;
			containerPortal = 18EED21E2252020800ACEF25 /* Project object */;
			proxyType = 1;
			remoteGlobalIDString = 18EED2252252020800ACEF25;
			remoteInfo = IOSBASE;
		};
		18EED24A2252020900ACEF25 /* PBXContainerItemProxy */ = {
			isa = PBXContainerItemProxy;
			containerPortal = 18EED21E2252020800ACEF25 /* Project object */;
			proxyType = 1;
			remoteGlobalIDString = 18EED2252252020800ACEF25;
			remoteInfo = IOSBASE;
		};
/* End PBXContainerItemProxy section */

/* Begin PBXFileReference section */
		127FF3DB5BEF57D3F200943C /* libPods-IOSBASEUITests.a */ = {isa = PBXFileReference; explicitFileType = archive.ar; includeInIndex = 0; path = "libPods-IOSBASEUITests.a"; sourceTree = BUILT_PRODUCTS_DIR; };
		186129FC22559BB800C6B3E7 /* ColletionviewController.h */ = {isa = PBXFileReference; lastKnownFileType = sourcecode.c.h; path = ColletionviewController.h; sourceTree = "<group>"; };
		186129FD22559BB800C6B3E7 /* ColletionviewController.m */ = {isa = PBXFileReference; lastKnownFileType = sourcecode.c.objc; path = ColletionviewController.m; sourceTree = "<group>"; };
		186129FF2255A53400C6B3E7 /* WaterFlowLayout.h */ = {isa = PBXFileReference; lastKnownFileType = sourcecode.c.h; path = WaterFlowLayout.h; sourceTree = "<group>"; };
		18612A002255A53400C6B3E7 /* WaterFlowLayout.m */ = {isa = PBXFileReference; lastKnownFileType = sourcecode.c.objc; path = WaterFlowLayout.m; sourceTree = "<group>"; };
		18BC03C82252F406005355D9 /* PrefixHeader.pch */ = {isa = PBXFileReference; lastKnownFileType = sourcecode.c.h; path = PrefixHeader.pch; sourceTree = "<group>"; };
		18BC03C92252F581005355D9 /* BaseSetHeader.h */ = {isa = PBXFileReference; lastKnownFileType = sourcecode.c.h; path = BaseSetHeader.h; sourceTree = "<group>"; };
		18CDE2A5225305BF0000F7B2 /* ButtonController.h */ = {isa = PBXFileReference; lastKnownFileType = sourcecode.c.h; path = ButtonController.h; sourceTree = "<group>"; };
		18CDE2A6225305BF0000F7B2 /* ButtonController.m */ = {isa = PBXFileReference; lastKnownFileType = sourcecode.c.objc; path = ButtonController.m; sourceTree = "<group>"; };
		18CDE2A8225306D70000F7B2 /* CommonTools.h */ = {isa = PBXFileReference; lastKnownFileType = sourcecode.c.h; path = CommonTools.h; sourceTree = "<group>"; };
		18CDE2A9225306D70000F7B2 /* CommonTools.m */ = {isa = PBXFileReference; lastKnownFileType = sourcecode.c.objc; path = CommonTools.m; sourceTree = "<group>"; };
		18E42CFC22543E2E00BF92A2 /* BarItemController.h */ = {isa = PBXFileReference; lastKnownFileType = sourcecode.c.h; path = BarItemController.h; sourceTree = "<group>"; };
		18E42CFD22543E2E00BF92A2 /* BarItemController.m */ = {isa = PBXFileReference; lastKnownFileType = sourcecode.c.objc; path = BarItemController.m; sourceTree = "<group>"; };
		18E42CFF225440D400BF92A2 /* 970DFED771023CDF0E9428A12A9FECF3.gif */ = {isa = PBXFileReference; lastKnownFileType = image.gif; path = 970DFED771023CDF0E9428A12A9FECF3.gif; sourceTree = "<group>"; };
		18E42D01225440DE00BF92A2 /* 123.png */ = {isa = PBXFileReference; lastKnownFileType = image.png; path = 123.png; sourceTree = "<group>"; };
		18E42D04225443FF00BF92A2 /* TableviewController.h */ = {isa = PBXFileReference; lastKnownFileType = sourcecode.c.h; path = TableviewController.h; sourceTree = "<group>"; };
		18E42D05225443FF00BF92A2 /* TableviewController.m */ = {isa = PBXFileReference; lastKnownFileType = sourcecode.c.objc; path = TableviewController.m; sourceTree = "<group>"; };
		18EED2262252020800ACEF25 /* IOSBASE.app */ = {isa = PBXFileReference; explicitFileType = wrapper.application; includeInIndex = 0; path = IOSBASE.app; sourceTree = BUILT_PRODUCTS_DIR; };
		18EED2292252020800ACEF25 /* AppDelegate.h */ = {isa = PBXFileReference; lastKnownFileType = sourcecode.c.h; path = AppDelegate.h; sourceTree = "<group>"; };
		18EED22A2252020800ACEF25 /* AppDelegate.m */ = {isa = PBXFileReference; lastKnownFileType = sourcecode.c.objc; path = AppDelegate.m; sourceTree = "<group>"; };
		18EED2322252020800ACEF25 /* Assets.xcassets */ = {isa = PBXFileReference; lastKnownFileType = folder.assetcatalog; path = Assets.xcassets; sourceTree = "<group>"; };
		18EED2352252020800ACEF25 /* Base */ = {isa = PBXFileReference; lastKnownFileType = file.storyboard; name = Base; path = Base.lproj/LaunchScreen.storyboard; sourceTree = "<group>"; };
		18EED2372252020800ACEF25 /* Info.plist */ = {isa = PBXFileReference; lastKnownFileType = text.plist.xml; path = Info.plist; sourceTree = "<group>"; };
		18EED2382252020800ACEF25 /* main.m */ = {isa = PBXFileReference; lastKnownFileType = sourcecode.c.objc; path = main.m; sourceTree = "<group>"; };
		18EED23E2252020800ACEF25 /* IOSBASETests.xctest */ = {isa = PBXFileReference; explicitFileType = wrapper.cfbundle; includeInIndex = 0; path = IOSBASETests.xctest; sourceTree = BUILT_PRODUCTS_DIR; };
		18EED2422252020800ACEF25 /* IOSBASETests.m */ = {isa = PBXFileReference; lastKnownFileType = sourcecode.c.objc; path = IOSBASETests.m; sourceTree = "<group>"; };
		18EED2442252020900ACEF25 /* Info.plist */ = {isa = PBXFileReference; lastKnownFileType = text.plist.xml; path = Info.plist; sourceTree = "<group>"; };
		18EED2492252020900ACEF25 /* IOSBASEUITests.xctest */ = {isa = PBXFileReference; explicitFileType = wrapper.cfbundle; includeInIndex = 0; path = IOSBASEUITests.xctest; sourceTree = BUILT_PRODUCTS_DIR; };
		18EED24D2252020900ACEF25 /* IOSBASEUITests.m */ = {isa = PBXFileReference; lastKnownFileType = sourcecode.c.objc; path = IOSBASEUITests.m; sourceTree = "<group>"; };
		18EED24F2252020900ACEF25 /* Info.plist */ = {isa = PBXFileReference; lastKnownFileType = text.plist.xml; path = Info.plist; sourceTree = "<group>"; };
		18EED25B22520A0500ACEF25 /* base_list.plist */ = {isa = PBXFileReference; lastKnownFileType = text.plist; name = base_list.plist; path = "IOSBASE/Supporting Files/base_list.plist"; sourceTree = SOURCE_ROOT; };
		18EED26622520B8500ACEF25 /* LabelViewController.h */ = {isa = PBXFileReference; lastKnownFileType = sourcecode.c.h; path = LabelViewController.h; sourceTree = "<group>"; };
		18EED26722520B8500ACEF25 /* LabelViewController.m */ = {isa = PBXFileReference; lastKnownFileType = sourcecode.c.objc; path = LabelViewController.m; sourceTree = "<group>"; };
		18EED270225217DB00ACEF25 /* ViewController.h */ = {isa = PBXFileReference; lastKnownFileType = sourcecode.c.h; path = ViewController.h; sourceTree = "<group>"; };
		18EED271225217DB00ACEF25 /* ViewController.m */ = {isa = PBXFileReference; lastKnownFileType = sourcecode.c.objc; path = ViewController.m; sourceTree = "<group>"; };
		18EED27322521A4700ACEF25 /* ViewManager.h */ = {isa = PBXFileReference; lastKnownFileType = sourcecode.c.h; path = ViewManager.h; sourceTree = "<group>"; };
		18EED27422521A4700ACEF25 /* ViewManager.m */ = {isa = PBXFileReference; lastKnownFileType = sourcecode.c.objc; path = ViewManager.m; sourceTree = "<group>"; };
		18EED27622521EFE00ACEF25 /* DataOBJ.h */ = {isa = PBXFileReference; lastKnownFileType = sourcecode.c.h; path = DataOBJ.h; sourceTree = "<group>"; };
		18EED27722521EFE00ACEF25 /* DataOBJ.m */ = {isa = PBXFileReference; lastKnownFileType = sourcecode.c.objc; path = DataOBJ.m; sourceTree = "<group>"; };
		2DF37564854A524AC57352DC /* Pods-IOSBASE.debug.xcconfig */ = {isa = PBXFileReference; includeInIndex = 1; lastKnownFileType = text.xcconfig; name = "Pods-IOSBASE.debug.xcconfig"; path = "Pods/Target Support Files/Pods-IOSBASE/Pods-IOSBASE.debug.xcconfig"; sourceTree = "<group>"; };
		6361EAEF8EB3FDBB8D1AB51E /* Pods-IOSBASE.release.xcconfig */ = {isa = PBXFileReference; includeInIndex = 1; lastKnownFileType = text.xcconfig; name = "Pods-IOSBASE.release.xcconfig"; path = "Pods/Target Support Files/Pods-IOSBASE/Pods-IOSBASE.release.xcconfig"; sourceTree = "<group>"; };
		639CFB573AFB18AA351E8FE8 /* Pods-IOSBASEUITests.release.xcconfig */ = {isa = PBXFileReference; includeInIndex = 1; lastKnownFileType = text.xcconfig; name = "Pods-IOSBASEUITests.release.xcconfig"; path = "Pods/Target Support Files/Pods-IOSBASEUITests/Pods-IOSBASEUITests.release.xcconfig"; sourceTree = "<group>"; };
		99DEFECD31CEF2CB045EC5F2 /* libPods-IOSBASETests.a */ = {isa = PBXFileReference; explicitFileType = archive.ar; includeInIndex = 0; path = "libPods-IOSBASETests.a"; sourceTree = BUILT_PRODUCTS_DIR; };
		A72F4041CC8E70576AD538F6 /* Pods-IOSBASETests.debug.xcconfig */ = {isa = PBXFileReference; includeInIndex = 1; lastKnownFileType = text.xcconfig; name = "Pods-IOSBASETests.debug.xcconfig"; path = "Pods/Target Support Files/Pods-IOSBASETests/Pods-IOSBASETests.debug.xcconfig"; sourceTree = "<group>"; };
		E99579F074A6CF0B48626E8F /* libPods-IOSBASE.a */ = {isa = PBXFileReference; explicitFileType = archive.ar; includeInIndex = 0; path = "libPods-IOSBASE.a"; sourceTree = BUILT_PRODUCTS_DIR; };
		F0F483B82A3E7CCA2CB6EDEE /* Pods-IOSBASEUITests.debug.xcconfig */ = {isa = PBXFileReference; includeInIndex = 1; lastKnownFileType = text.xcconfig; name = "Pods-IOSBASEUITests.debug.xcconfig"; path = "Pods/Target Support Files/Pods-IOSBASEUITests/Pods-IOSBASEUITests.debug.xcconfig"; sourceTree = "<group>"; };
		F32766FBBC4FCDD445992B41 /* Pods-IOSBASETests.release.xcconfig */ = {isa = PBXFileReference; includeInIndex = 1; lastKnownFileType = text.xcconfig; name = "Pods-IOSBASETests.release.xcconfig"; path = "Pods/Target Support Files/Pods-IOSBASETests/Pods-IOSBASETests.release.xcconfig"; sourceTree = "<group>"; };
/* End PBXFileReference section */

/* Begin PBXFrameworksBuildPhase section */
		18EED2232252020800ACEF25 /* Frameworks */ = {
			isa = PBXFrameworksBuildPhase;
			buildActionMask = 2147483647;
			files = (
				566820EA850789697D234428 /* libPods-IOSBASE.a in Frameworks */,
			);
			runOnlyForDeploymentPostprocessing = 0;
		};
		18EED23B2252020800ACEF25 /* Frameworks */ = {
			isa = PBXFrameworksBuildPhase;
			buildActionMask = 2147483647;
			files = (
				4A7544F755E2CFFCE98E0490 /* libPods-IOSBASETests.a in Frameworks */,
			);
			runOnlyForDeploymentPostprocessing = 0;
		};
		18EED2462252020900ACEF25 /* Frameworks */ = {
			isa = PBXFrameworksBuildPhase;
			buildActionMask = 2147483647;
			files = (
				F6F15BC66FDBD435472F3058 /* libPods-IOSBASEUITests.a in Frameworks */,
			);
			runOnlyForDeploymentPostprocessing = 0;
		};
/* End PBXFrameworksBuildPhase section */

/* Begin PBXGroup section */
		186129FB22559BA800C6B3E7 /* UICollectview */ = {
			isa = PBXGroup;
			children = (
				186129FC22559BB800C6B3E7 /* ColletionviewController.h */,
				186129FD22559BB800C6B3E7 /* ColletionviewController.m */,
				186129FF2255A53400C6B3E7 /* WaterFlowLayout.h */,
				18612A002255A53400C6B3E7 /* WaterFlowLayout.m */,
			);
			path = UICollectview;
			sourceTree = "<group>";
		};
		18BC03C72252F326005355D9 /* Define */ = {
			isa = PBXGroup;
			children = (
				18BC03C82252F406005355D9 /* PrefixHeader.pch */,
				18BC03C92252F581005355D9 /* BaseSetHeader.h */,
			);
			path = Define;
			sourceTree = "<group>";
		};
		18CDE2A4225305AB0000F7B2 /* UIButton */ = {
			isa = PBXGroup;
			children = (
				18CDE2A5225305BF0000F7B2 /* ButtonController.h */,
				18CDE2A6225305BF0000F7B2 /* ButtonController.m */,
			);
			path = UIButton;
			sourceTree = "<group>";
		};
		18E42CFB22543E1500BF92A2 /* UIBarItem */ = {
			isa = PBXGroup;
			children = (
				18E42CFC22543E2E00BF92A2 /* BarItemController.h */,
				18E42CFD22543E2E00BF92A2 /* BarItemController.m */,
			);
			path = UIBarItem;
			sourceTree = "<group>";
		};
		18E42D03225443D400BF92A2 /* uitableview */ = {
			isa = PBXGroup;
			children = (
				18E42D04225443FF00BF92A2 /* TableviewController.h */,
				18E42D05225443FF00BF92A2 /* TableviewController.m */,
			);
			path = uitableview;
			sourceTree = "<group>";
		};
		18EED21D2252020800ACEF25 = {
			isa = PBXGroup;
			children = (
				18EED2282252020800ACEF25 /* IOSBASE */,
				18EED2412252020800ACEF25 /* IOSBASETests */,
				18EED24C2252020900ACEF25 /* IOSBASEUITests */,
				18EED2272252020800ACEF25 /* Products */,
				4E576DD9D219FA772579896B /* Pods */,
				87C60BBDE1419C3BB19F6FF6 /* Frameworks */,
			);
			sourceTree = "<group>";
		};
		18EED2272252020800ACEF25 /* Products */ = {
			isa = PBXGroup;
			children = (
				18EED2262252020800ACEF25 /* IOSBASE.app */,
				18EED23E2252020800ACEF25 /* IOSBASETests.xctest */,
				18EED2492252020900ACEF25 /* IOSBASEUITests.xctest */,
			);
			name = Products;
			sourceTree = "<group>";
		};
		18EED2282252020800ACEF25 /* IOSBASE */ = {
			isa = PBXGroup;
			children = (
				18BC03C72252F326005355D9 /* Define */,
				18EED26522520AE900ACEF25 /* Supporting Files */,
				18EED26422520ADA00ACEF25 /* Resource */,
				18EED26322520ACC00ACEF25 /* ThridPraty */,
				18EED26222520AC400ACEF25 /* Base */,
				18EED26122520AB300ACEF25 /* Utils */,
				18EED26022520AA800ACEF25 /* Manager */,
				18EED25F22520A9000ACEF25 /* Module */,
				18EED25E22520A2300ACEF25 /* AppDelegate */,
				18EED25D22520A1100ACEF25 /* Tools */,
			);
			path = IOSBASE;
			sourceTree = "<group>";
		};
		18EED2412252020800ACEF25 /* IOSBASETests */ = {
			isa = PBXGroup;
			children = (
				18EED2422252020800ACEF25 /* IOSBASETests.m */,
				18EED2442252020900ACEF25 /* Info.plist */,
			);
			path = IOSBASETests;
			sourceTree = "<group>";
		};
		18EED24C2252020900ACEF25 /* IOSBASEUITests */ = {
			isa = PBXGroup;
			children = (
				18EED24D2252020900ACEF25 /* IOSBASEUITests.m */,
				18EED24F2252020900ACEF25 /* Info.plist */,
			);
			path = IOSBASEUITests;
			sourceTree = "<group>";
		};
		18EED25D22520A1100ACEF25 /* Tools */ = {
			isa = PBXGroup;
			children = (
				18CDE2A8225306D70000F7B2 /* CommonTools.h */,
				18CDE2A9225306D70000F7B2 /* CommonTools.m */,
			);
			path = Tools;
			sourceTree = "<group>";
		};
		18EED25E22520A2300ACEF25 /* AppDelegate */ = {
			isa = PBXGroup;
			children = (
				18EED2292252020800ACEF25 /* AppDelegate.h */,
				18EED22A2252020800ACEF25 /* AppDelegate.m */,
			);
			path = AppDelegate;
			sourceTree = "<group>";
		};
		18EED25F22520A9000ACEF25 /* Module */ = {
			isa = PBXGroup;
			children = (
				186129FB22559BA800C6B3E7 /* UICollectview */,
				18E42D03225443D400BF92A2 /* uitableview */,
				18E42CFB22543E1500BF92A2 /* UIBarItem */,
				18CDE2A4225305AB0000F7B2 /* UIButton */,
				18EED26A225213B400ACEF25 /* UIView */,
				18EED26922520B8A00ACEF25 /* UILabel */,
			);
			path = Module;
			sourceTree = "<group>";
		};
		18EED26022520AA800ACEF25 /* Manager */ = {
			isa = PBXGroup;
			children = (
			);
			path = Manager;
			sourceTree = "<group>";
		};
		18EED26122520AB300ACEF25 /* Utils */ = {
			isa = PBXGroup;
			children = (
			);
			path = Utils;
			sourceTree = "<group>";
		};
		18EED26222520AC400ACEF25 /* Base */ = {
			isa = PBXGroup;
			children = (
				18EED26B225213E000ACEF25 /* BaseViewController */,
			);
			path = Base;
			sourceTree = "<group>";
		};
		18EED26322520ACC00ACEF25 /* ThridPraty */ = {
			isa = PBXGroup;
			children = (
			);
			path = ThridPraty;
			sourceTree = "<group>";
		};
		18EED26422520ADA00ACEF25 /* Resource */ = {
			isa = PBXGroup;
			children = (
			);
			path = Resource;
			sourceTree = "<group>";
		};
		18EED26522520AE900ACEF25 /* Supporting Files */ = {
			isa = PBXGroup;
			children = (
				18EED2322252020800ACEF25 /* Assets.xcassets */,
				18E42D01225440DE00BF92A2 /* 123.png */,
				18E42CFF225440D400BF92A2 /* 970DFED771023CDF0E9428A12A9FECF3.gif */,
				18EED2342252020800ACEF25 /* LaunchScreen.storyboard */,
				18EED2372252020800ACEF25 /* Info.plist */,
				18EED2382252020800ACEF25 /* main.m */,
				18EED25B22520A0500ACEF25 /* base_list.plist */,
			);
			path = "Supporting Files";
			sourceTree = "<group>";
		};
		18EED26922520B8A00ACEF25 /* UILabel */ = {
			isa = PBXGroup;
			children = (
				18EED26622520B8500ACEF25 /* LabelViewController.h */,
				18EED26722520B8500ACEF25 /* LabelViewController.m */,
			);
			path = UILabel;
			sourceTree = "<group>";
		};
		18EED26A225213B400ACEF25 /* UIView */ = {
			isa = PBXGroup;
			children = (
			);
			path = UIView;
			sourceTree = "<group>";
		};
		18EED26B225213E000ACEF25 /* BaseViewController */ = {
			isa = PBXGroup;
			children = (
				18EED270225217DB00ACEF25 /* ViewController.h */,
				18EED271225217DB00ACEF25 /* ViewController.m */,
				18EED27322521A4700ACEF25 /* ViewManager.h */,
				18EED27422521A4700ACEF25 /* ViewManager.m */,
				18EED27622521EFE00ACEF25 /* DataOBJ.h */,
				18EED27722521EFE00ACEF25 /* DataOBJ.m */,
			);
			path = BaseViewController;
			sourceTree = "<group>";
		};
		4E576DD9D219FA772579896B /* Pods */ = {
			isa = PBXGroup;
			children = (
				2DF37564854A524AC57352DC /* Pods-IOSBASE.debug.xcconfig */,
				6361EAEF8EB3FDBB8D1AB51E /* Pods-IOSBASE.release.xcconfig */,
				A72F4041CC8E70576AD538F6 /* Pods-IOSBASETests.debug.xcconfig */,
				F32766FBBC4FCDD445992B41 /* Pods-IOSBASETests.release.xcconfig */,
				F0F483B82A3E7CCA2CB6EDEE /* Pods-IOSBASEUITests.debug.xcconfig */,
				639CFB573AFB18AA351E8FE8 /* Pods-IOSBASEUITests.release.xcconfig */,
			);
			name = Pods;
			sourceTree = "<group>";
		};
		87C60BBDE1419C3BB19F6FF6 /* Frameworks */ = {
			isa = PBXGroup;
			children = (
				E99579F074A6CF0B48626E8F /* libPods-IOSBASE.a */,
				99DEFECD31CEF2CB045EC5F2 /* libPods-IOSBASETests.a */,
				127FF3DB5BEF57D3F200943C /* libPods-IOSBASEUITests.a */,
			);
			name = Frameworks;
			sourceTree = "<group>";
		};
/* End PBXGroup section */

/* Begin PBXNativeTarget section */
		18EED2252252020800ACEF25 /* IOSBASE */ = {
			isa = PBXNativeTarget;
			buildConfigurationList = 18EED2522252020900ACEF25 /* Build configuration list for PBXNativeTarget "IOSBASE" */;
			buildPhases = (
				E329476AA528BED67E66972D /* [CP] Check Pods Manifest.lock */,
				18EED2222252020800ACEF25 /* Sources */,
				18EED2232252020800ACEF25 /* Frameworks */,
				18EED2242252020800ACEF25 /* Resources */,
				251E04F78902CF7582269C76 /* [CP] Copy Pods Resources */,
			);
			buildRules = (
			);
			dependencies = (
			);
			name = IOSBASE;
			productName = IOSBASE;
			productReference = 18EED2262252020800ACEF25 /* IOSBASE.app */;
			productType = "com.apple.product-type.application";
		};
		18EED23D2252020800ACEF25 /* IOSBASETests */ = {
			isa = PBXNativeTarget;
			buildConfigurationList = 18EED2552252020900ACEF25 /* Build configuration list for PBXNativeTarget "IOSBASETests" */;
			buildPhases = (
				3D25AD83A021AAD1D52A5A41 /* [CP] Check Pods Manifest.lock */,
				18EED23A2252020800ACEF25 /* Sources */,
				18EED23B2252020800ACEF25 /* Frameworks */,
				18EED23C2252020800ACEF25 /* Resources */,
			);
			buildRules = (
			);
			dependencies = (
				18EED2402252020800ACEF25 /* PBXTargetDependency */,
			);
			name = IOSBASETests;
			productName = IOSBASETests;
			productReference = 18EED23E2252020800ACEF25 /* IOSBASETests.xctest */;
			productType = "com.apple.product-type.bundle.unit-test";
		};
		18EED2482252020900ACEF25 /* IOSBASEUITests */ = {
			isa = PBXNativeTarget;
			buildConfigurationList = 18EED2582252020900ACEF25 /* Build configuration list for PBXNativeTarget "IOSBASEUITests" */;
			buildPhases = (
				14BB1D684636574FF937E523 /* [CP] Check Pods Manifest.lock */,
				18EED2452252020900ACEF25 /* Sources */,
				18EED2462252020900ACEF25 /* Frameworks */,
				18EED2472252020900ACEF25 /* Resources */,
			);
			buildRules = (
			);
			dependencies = (
				18EED24B2252020900ACEF25 /* PBXTargetDependency */,
			);
			name = IOSBASEUITests;
			productName = IOSBASEUITests;
			productReference = 18EED2492252020900ACEF25 /* IOSBASEUITests.xctest */;
			productType = "com.apple.product-type.bundle.ui-testing";
		};
/* End PBXNativeTarget section */

/* Begin PBXProject section */
		18EED21E2252020800ACEF25 /* Project object */ = {
			isa = PBXProject;
			attributes = {
				LastUpgradeCheck = 1010;
				ORGANIZATIONNAME = corzen;
				TargetAttributes = {
					18EED2252252020800ACEF25 = {
						CreatedOnToolsVersion = 10.1;
					};
					18EED23D2252020800ACEF25 = {
						CreatedOnToolsVersion = 10.1;
						TestTargetID = 18EED2252252020800ACEF25;
					};
					18EED2482252020900ACEF25 = {
						CreatedOnToolsVersion = 10.1;
						TestTargetID = 18EED2252252020800ACEF25;
					};
				};
			};
			buildConfigurationList = 18EED2212252020800ACEF25 /* Build configuration list for PBXProject "IOSBASE" */;
			compatibilityVersion = "Xcode 9.3";
			developmentRegion = en;
			hasScannedForEncodings = 0;
			knownRegions = (
				en,
				Base,
			);
			mainGroup = 18EED21D2252020800ACEF25;
			productRefGroup = 18EED2272252020800ACEF25 /* Products */;
			projectDirPath = "";
			projectRoot = "";
			targets = (
				18EED2252252020800ACEF25 /* IOSBASE */,
				18EED23D2252020800ACEF25 /* IOSBASETests */,
				18EED2482252020900ACEF25 /* IOSBASEUITests */,
			);
		};
/* End PBXProject section */

/* Begin PBXResourcesBuildPhase section */
		18EED2242252020800ACEF25 /* Resources */ = {
			isa = PBXResourcesBuildPhase;
			buildActionMask = 2147483647;
			files = (
				18EED2362252020800ACEF25 /* LaunchScreen.storyboard in Resources */,
				18E42D02225440DE00BF92A2 /* 123.png in Resources */,
				18E42D00225440D400BF92A2 /* 970DFED771023CDF0E9428A12A9FECF3.gif in Resources */,
				18EED2332252020800ACEF25 /* Assets.xcassets in Resources */,
				18EED25C22520A0500ACEF25 /* base_list.plist in Resources */,
			);
			runOnlyForDeploymentPostprocessing = 0;
		};
		18EED23C2252020800ACEF25 /* Resources */ = {
			isa = PBXResourcesBuildPhase;
			buildActionMask = 2147483647;
			files = (
			);
			runOnlyForDeploymentPostprocessing = 0;
		};
		18EED2472252020900ACEF25 /* Resources */ = {
			isa = PBXResourcesBuildPhase;
			buildActionMask = 2147483647;
			files = (
			);
			runOnlyForDeploymentPostprocessing = 0;
		};
/* End PBXResourcesBuildPhase section */

/* Begin PBXShellScriptBuildPhase section */
		14BB1D684636574FF937E523 /* [CP] Check Pods Manifest.lock */ = {
			isa = PBXShellScriptBuildPhase;
			buildActionMask = 2147483647;
			files = (
			);
			inputFileListPaths = (
			);
			inputPaths = (
				"${PODS_PODFILE_DIR_PATH}/Podfile.lock",
				"${PODS_ROOT}/Manifest.lock",
			);
			name = "[CP] Check Pods Manifest.lock";
			outputFileListPaths = (
			);
			outputPaths = (
				"$(DERIVED_FILE_DIR)/Pods-IOSBASEUITests-checkManifestLockResult.txt",
			);
			runOnlyForDeploymentPostprocessing = 0;
			shellPath = /bin/sh;
			shellScript = "diff \"${PODS_PODFILE_DIR_PATH}/Podfile.lock\" \"${PODS_ROOT}/Manifest.lock\" > /dev/null\nif [ $? != 0 ] ; then\n    # print error to STDERR\n    echo \"error: The sandbox is not in sync with the Podfile.lock. Run 'pod install' or update your CocoaPods installation.\" >&2\n    exit 1\nfi\n# This output is used by Xcode 'outputs' to avoid re-running this script phase.\necho \"SUCCESS\" > \"${SCRIPT_OUTPUT_FILE_0}\"\n";
			showEnvVarsInLog = 0;
		};
		251E04F78902CF7582269C76 /* [CP] Copy Pods Resources */ = {
			isa = PBXShellScriptBuildPhase;
			buildActionMask = 2147483647;
			files = (
			);
			inputFileListPaths = (
			);
			inputPaths = (
				"${SRCROOT}/Pods/Target Support Files/Pods-IOSBASE/Pods-IOSBASE-resources.sh",
				"${PODS_ROOT}/MJRefresh/MJRefresh/MJRefresh.bundle",
			);
			name = "[CP] Copy Pods Resources";
			outputFileListPaths = (
			);
			outputPaths = (
				"${TARGET_BUILD_DIR}/${UNLOCALIZED_RESOURCES_FOLDER_PATH}/MJRefresh.bundle",
			);
			runOnlyForDeploymentPostprocessing = 0;
			shellPath = /bin/sh;
			shellScript = "\"${SRCROOT}/Pods/Target Support Files/Pods-IOSBASE/Pods-IOSBASE-resources.sh\"\n";
			showEnvVarsInLog = 0;
		};
		3D25AD83A021AAD1D52A5A41 /* [CP] Check Pods Manifest.lock */ = {
			isa = PBXShellScriptBuildPhase;
			buildActionMask = 2147483647;
			files = (
			);
			inputFileListPaths = (
			);
			inputPaths = (
				"${PODS_PODFILE_DIR_PATH}/Podfile.lock",
				"${PODS_ROOT}/Manifest.lock",
			);
			name = "[CP] Check Pods Manifest.lock";
			outputFileListPaths = (
			);
			outputPaths = (
				"$(DERIVED_FILE_DIR)/Pods-IOSBASETests-checkManifestLockResult.txt",
			);
			runOnlyForDeploymentPostprocessing = 0;
			shellPath = /bin/sh;
			shellScript = "diff \"${PODS_PODFILE_DIR_PATH}/Podfile.lock\" \"${PODS_ROOT}/Manifest.lock\" > /dev/null\nif [ $? != 0 ] ; then\n    # print error to STDERR\n    echo \"error: The sandbox is not in sync with the Podfile.lock. Run 'pod install' or update your CocoaPods installation.\" >&2\n    exit 1\nfi\n# This output is used by Xcode 'outputs' to avoid re-running this script phase.\necho \"SUCCESS\" > \"${SCRIPT_OUTPUT_FILE_0}\"\n";
			showEnvVarsInLog = 0;
		};
		E329476AA528BED67E66972D /* [CP] Check Pods Manifest.lock */ = {
			isa = PBXShellScriptBuildPhase;
			buildActionMask = 2147483647;
			files = (
			);
			inputFileListPaths = (
			);
			inputPaths = (
				"${PODS_PODFILE_DIR_PATH}/Podfile.lock",
				"${PODS_ROOT}/Manifest.lock",
			);
			name = "[CP] Check Pods Manifest.lock";
			outputFileListPaths = (
			);
			outputPaths = (
				"$(DERIVED_FILE_DIR)/Pods-IOSBASE-checkManifestLockResult.txt",
			);
			runOnlyForDeploymentPostprocessing = 0;
			shellPath = /bin/sh;
			shellScript = "diff \"${PODS_PODFILE_DIR_PATH}/Podfile.lock\" \"${PODS_ROOT}/Manifest.lock\" > /dev/null\nif [ $? != 0 ] ; then\n    # print error to STDERR\n    echo \"error: The sandbox is not in sync with the Podfile.lock. Run 'pod install' or update your CocoaPods installation.\" >&2\n    exit 1\nfi\n# This output is used by Xcode 'outputs' to avoid re-running this script phase.\necho \"SUCCESS\" > \"${SCRIPT_OUTPUT_FILE_0}\"\n";
			showEnvVarsInLog = 0;
		};
/* End PBXShellScriptBuildPhase section */

/* Begin PBXSourcesBuildPhase section */
		18EED2222252020800ACEF25 /* Sources */ = {
			isa = PBXSourcesBuildPhase;
			buildActionMask = 2147483647;
			files = (
				18EED2392252020800ACEF25 /* main.m in Sources */,
				18612A012255A53400C6B3E7 /* WaterFlowLayout.m in Sources */,
				18EED27522521A4700ACEF25 /* ViewManager.m in Sources */,
				186129FE22559BB800C6B3E7 /* ColletionviewController.m in Sources */,
				18CDE2AA225306D70000F7B2 /* CommonTools.m in Sources */,
				18EED22B2252020800ACEF25 /* AppDelegate.m in Sources */,
				18E42CFE22543E2E00BF92A2 /* BarItemController.m in Sources */,
				18CDE2A7225305BF0000F7B2 /* ButtonController.m in Sources */,
				18EED272225217DB00ACEF25 /* ViewController.m in Sources */,
				18EED26822520B8500ACEF25 /* LabelViewController.m in Sources */,
				18EED27822521EFE00ACEF25 /* DataOBJ.m in Sources */,
				18E42D06225443FF00BF92A2 /* TableviewController.m in Sources */,
			);
			runOnlyForDeploymentPostprocessing = 0;
		};
		18EED23A2252020800ACEF25 /* Sources */ = {
			isa = PBXSourcesBuildPhase;
			buildActionMask = 2147483647;
			files = (
				18EED2432252020800ACEF25 /* IOSBASETests.m in Sources */,
			);
			runOnlyForDeploymentPostprocessing = 0;
		};
		18EED2452252020900ACEF25 /* Sources */ = {
			isa = PBXSourcesBuildPhase;
			buildActionMask = 2147483647;
			files = (
				18EED24E2252020900ACEF25 /* IOSBASEUITests.m in Sources */,
			);
			runOnlyForDeploymentPostprocessing = 0;
		};
/* End PBXSourcesBuildPhase section */

/* Begin PBXTargetDependency section */
		18EED2402252020800ACEF25 /* PBXTargetDependency */ = {
			isa = PBXTargetDependency;
			target = 18EED2252252020800ACEF25 /* IOSBASE */;
			targetProxy = 18EED23F2252020800ACEF25 /* PBXContainerItemProxy */;
		};
		18EED24B2252020900ACEF25 /* PBXTargetDependency */ = {
			isa = PBXTargetDependency;
			target = 18EED2252252020800ACEF25 /* IOSBASE */;
			targetProxy = 18EED24A2252020900ACEF25 /* PBXContainerItemProxy */;
		};
/* End PBXTargetDependency section */

/* Begin PBXVariantGroup section */
		18EED2342252020800ACEF25 /* LaunchScreen.storyboard */ = {
			isa = PBXVariantGroup;
			children = (
				18EED2352252020800ACEF25 /* Base */,
			);
			name = LaunchScreen.storyboard;
			sourceTree = "<group>";
		};
/* End PBXVariantGroup section */

/* Begin XCBuildConfiguration section */
		18EED2502252020900ACEF25 /* Debug */ = {
			isa = XCBuildConfiguration;
			buildSettings = {
				ALWAYS_SEARCH_USER_PATHS = NO;
				CLANG_ANALYZER_NONNULL = YES;
				CLANG_ANALYZER_NUMBER_OBJECT_CONVERSION = YES_AGGRESSIVE;
				CLANG_CXX_LANGUAGE_STANDARD = "gnu++14";
				CLANG_CXX_LIBRARY = "libc++";
				CLANG_ENABLE_MODULES = YES;
				CLANG_ENABLE_OBJC_ARC = YES;
				CLANG_ENABLE_OBJC_WEAK = YES;
				CLANG_WARN_BLOCK_CAPTURE_AUTORELEASING = YES;
				CLANG_WARN_BOOL_CONVERSION = YES;
				CLANG_WARN_COMMA = YES;
				CLANG_WARN_CONSTANT_CONVERSION = YES;
				CLANG_WARN_DEPRECATED_OBJC_IMPLEMENTATIONS = YES;
				CLANG_WARN_DIRECT_OBJC_ISA_USAGE = YES_ERROR;
				CLANG_WARN_DOCUMENTATION_COMMENTS = YES;
				CLANG_WARN_EMPTY_BODY = YES;
				CLANG_WARN_ENUM_CONVERSION = YES;
				CLANG_WARN_INFINITE_RECURSION = YES;
				CLANG_WARN_INT_CONVERSION = YES;
				CLANG_WARN_NON_LITERAL_NULL_CONVERSION = YES;
				CLANG_WARN_OBJC_IMPLICIT_RETAIN_SELF = YES;
				CLANG_WARN_OBJC_LITERAL_CONVERSION = YES;
				CLANG_WARN_OBJC_ROOT_CLASS = YES_ERROR;
				CLANG_WARN_RANGE_LOOP_ANALYSIS = YES;
				CLANG_WARN_STRICT_PROTOTYPES = YES;
				CLANG_WARN_SUSPICIOUS_MOVE = YES;
				CLANG_WARN_UNGUARDED_AVAILABILITY = YES_AGGRESSIVE;
				CLANG_WARN_UNREACHABLE_CODE = YES;
				CLANG_WARN__DUPLICATE_METHOD_MATCH = YES;
				CODE_SIGN_IDENTITY = "iPhone Developer";
				COPY_PHASE_STRIP = NO;
				DEBUG_INFORMATION_FORMAT = dwarf;
				ENABLE_STRICT_OBJC_MSGSEND = YES;
				ENABLE_TESTABILITY = YES;
				GCC_C_LANGUAGE_STANDARD = gnu11;
				GCC_DYNAMIC_NO_PIC = NO;
				GCC_NO_COMMON_BLOCKS = YES;
				GCC_OPTIMIZATION_LEVEL = 0;
				GCC_PREPROCESSOR_DEFINITIONS = (
					"DEBUG=1",
					"$(inherited)",
				);
				GCC_WARN_64_TO_32_BIT_CONVERSION = YES;
				GCC_WARN_ABOUT_RETURN_TYPE = YES_ERROR;
				GCC_WARN_UNDECLARED_SELECTOR = YES;
				GCC_WARN_UNINITIALIZED_AUTOS = YES_AGGRESSIVE;
				GCC_WARN_UNUSED_FUNCTION = YES;
				GCC_WARN_UNUSED_VARIABLE = YES;
				IPHONEOS_DEPLOYMENT_TARGET = 12.1;
				MTL_ENABLE_DEBUG_INFO = INCLUDE_SOURCE;
				MTL_FAST_MATH = YES;
				ONLY_ACTIVE_ARCH = YES;
				SDKROOT = iphoneos;
			};
			name = Debug;
		};
		18EED2512252020900ACEF25 /* Release */ = {
			isa = XCBuildConfiguration;
			buildSettings = {
				ALWAYS_SEARCH_USER_PATHS = NO;
				CLANG_ANALYZER_NONNULL = YES;
				CLANG_ANALYZER_NUMBER_OBJECT_CONVERSION = YES_AGGRESSIVE;
				CLANG_CXX_LANGUAGE_STANDARD = "gnu++14";
				CLANG_CXX_LIBRARY = "libc++";
				CLANG_ENABLE_MODULES = YES;
				CLANG_ENABLE_OBJC_ARC = YES;
				CLANG_ENABLE_OBJC_WEAK = YES;
				CLANG_WARN_BLOCK_CAPTURE_AUTORELEASING = YES;
				CLANG_WARN_BOOL_CONVERSION = YES;
				CLANG_WARN_COMMA = YES;
				CLANG_WARN_CONSTANT_CONVERSION = YES;
				CLANG_WARN_DEPRECATED_OBJC_IMPLEMENTATIONS = YES;
				CLANG_WARN_DIRECT_OBJC_ISA_USAGE = YES_ERROR;
				CLANG_WARN_DOCUMENTATION_COMMENTS = YES;
				CLANG_WARN_EMPTY_BODY = YES;
				CLANG_WARN_ENUM_CONVERSION = YES;
				CLANG_WARN_INFINITE_RECURSION = YES;
				CLANG_WARN_INT_CONVERSION = YES;
				CLANG_WARN_NON_LITERAL_NULL_CONVERSION = YES;
				CLANG_WARN_OBJC_IMPLICIT_RETAIN_SELF = YES;
				CLANG_WARN_OBJC_LITERAL_CONVERSION = YES;
				CLANG_WARN_OBJC_ROOT_CLASS = YES_ERROR;
				CLANG_WARN_RANGE_LOOP_ANALYSIS = YES;
				CLANG_WARN_STRICT_PROTOTYPES = YES;
				CLANG_WARN_SUSPICIOUS_MOVE = YES;
				CLANG_WARN_UNGUARDED_AVAILABILITY = YES_AGGRESSIVE;
				CLANG_WARN_UNREACHABLE_CODE = YES;
				CLANG_WARN__DUPLICATE_METHOD_MATCH = YES;
				CODE_SIGN_IDENTITY = "iPhone Developer";
				COPY_PHASE_STRIP = NO;
				DEBUG_INFORMATION_FORMAT = "dwarf-with-dsym";
				ENABLE_NS_ASSERTIONS = NO;
				ENABLE_STRICT_OBJC_MSGSEND = YES;
				GCC_C_LANGUAGE_STANDARD = gnu11;
				GCC_NO_COMMON_BLOCKS = YES;
				GCC_WARN_64_TO_32_BIT_CONVERSION = YES;
				GCC_WARN_ABOUT_RETURN_TYPE = YES_ERROR;
				GCC_WARN_UNDECLARED_SELECTOR = YES;
				GCC_WARN_UNINITIALIZED_AUTOS = YES_AGGRESSIVE;
				GCC_WARN_UNUSED_FUNCTION = YES;
				GCC_WARN_UNUSED_VARIABLE = YES;
				IPHONEOS_DEPLOYMENT_TARGET = 12.1;
				MTL_ENABLE_DEBUG_INFO = NO;
				MTL_FAST_MATH = YES;
				SDKROOT = iphoneos;
				VALIDATE_PRODUCT = YES;
			};
			name = Release;
		};
		18EED2532252020900ACEF25 /* Debug */ = {
			isa = XCBuildConfiguration;
			baseConfigurationReference = 2DF37564854A524AC57352DC /* Pods-IOSBASE.debug.xcconfig */;
			buildSettings = {
				ASSETCATALOG_COMPILER_APPICON_NAME = AppIcon;
				CODE_SIGN_STYLE = Automatic;
				DEVELOPMENT_TEAM = 56L859Z482;
				GCC_PREFIX_HEADER = "$(SRCROOT)/IOSBASE/Define/PrefixHeader.pch";
				INFOPLIST_FILE = "$(SRCROOT)/IOSBASE/Supporting Files/Info.plist";
				IPHONEOS_DEPLOYMENT_TARGET = 9.0;
				LD_RUNPATH_SEARCH_PATHS = (
					"$(inherited)",
					"@executable_path/Frameworks",
				);
				PRODUCT_BUNDLE_IDENTIFIER = corzen.IOSBASE;
				PRODUCT_NAME = "$(TARGET_NAME)";
				TARGETED_DEVICE_FAMILY = "1,2";
			};
			name = Debug;
		};
		18EED2542252020900ACEF25 /* Release */ = {
			isa = XCBuildConfiguration;
			baseConfigurationReference = 6361EAEF8EB3FDBB8D1AB51E /* Pods-IOSBASE.release.xcconfig */;
			buildSettings = {
				ASSETCATALOG_COMPILER_APPICON_NAME = AppIcon;
				CODE_SIGN_STYLE = Automatic;
				DEVELOPMENT_TEAM = 56L859Z482;
				GCC_PREFIX_HEADER = "$(SRCROOT)/IOSBASE/Define/PrefixHeader.pch";
				INFOPLIST_FILE = "$(SRCROOT)/IOSBASE/Supporting Files/Info.plist";
				IPHONEOS_DEPLOYMENT_TARGET = 9.0;
				LD_RUNPATH_SEARCH_PATHS = (
					"$(inherited)",
					"@executable_path/Frameworks",
				);
				PRODUCT_BUNDLE_IDENTIFIER = corzen.IOSBASE;
				PRODUCT_NAME = "$(TARGET_NAME)";
				TARGETED_DEVICE_FAMILY = "1,2";
			};
			name = Release;
		};
		18EED2562252020900ACEF25 /* Debug */ = {
			isa = XCBuildConfiguration;
			baseConfigurationReference = A72F4041CC8E70576AD538F6 /* Pods-IOSBASETests.debug.xcconfig */;
			buildSettings = {
				BUNDLE_LOADER = "$(TEST_HOST)";
				CODE_SIGN_STYLE = Automatic;
				DEVELOPMENT_TEAM = 56L859Z482;
				INFOPLIST_FILE = IOSBASETests/Info.plist;
				LD_RUNPATH_SEARCH_PATHS = (
					"$(inherited)",
					"@executable_path/Frameworks",
					"@loader_path/Frameworks",
				);
				PRODUCT_BUNDLE_IDENTIFIER = corzen.IOSBASETests;
				PRODUCT_NAME = "$(TARGET_NAME)";
				TARGETED_DEVICE_FAMILY = "1,2";
				TEST_HOST = "$(BUILT_PRODUCTS_DIR)/IOSBASE.app/IOSBASE";
			};
			name = Debug;
		};
		18EED2572252020900ACEF25 /* Release */ = {
			isa = XCBuildConfiguration;
			baseConfigurationReference = F32766FBBC4FCDD445992B41 /* Pods-IOSBASETests.release.xcconfig */;
			buildSettings = {
				BUNDLE_LOADER = "$(TEST_HOST)";
				CODE_SIGN_STYLE = Automatic;
				DEVELOPMENT_TEAM = 56L859Z482;
				INFOPLIST_FILE = IOSBASETests/Info.plist;
				LD_RUNPATH_SEARCH_PATHS = (
					"$(inherited)",
					"@executable_path/Frameworks",
					"@loader_path/Frameworks",
				);
				PRODUCT_BUNDLE_IDENTIFIER = corzen.IOSBASETests;
				PRODUCT_NAME = "$(TARGET_NAME)";
				TARGETED_DEVICE_FAMILY = "1,2";
				TEST_HOST = "$(BUILT_PRODUCTS_DIR)/IOSBASE.app/IOSBASE";
			};
			name = Release;
		};
		18EED2592252020900ACEF25 /* Debug */ = {
			isa = XCBuildConfiguration;
			baseConfigurationReference = F0F483B82A3E7CCA2CB6EDEE /* Pods-IOSBASEUITests.debug.xcconfig */;
			buildSettings = {
				CODE_SIGN_STYLE = Automatic;
				DEVELOPMENT_TEAM = 56L859Z482;
				INFOPLIST_FILE = IOSBASEUITests/Info.plist;
				LD_RUNPATH_SEARCH_PATHS = (
					"$(inherited)",
					"@executable_path/Frameworks",
					"@loader_path/Frameworks",
				);
				PRODUCT_BUNDLE_IDENTIFIER = corzen.IOSBASEUITests;
				PRODUCT_NAME = "$(TARGET_NAME)";
				TARGETED_DEVICE_FAMILY = "1,2";
				TEST_TARGET_NAME = IOSBASE;
			};
			name = Debug;
		};
		18EED25A2252020900ACEF25 /* Release */ = {
			isa = XCBuildConfiguration;
			baseConfigurationReference = 639CFB573AFB18AA351E8FE8 /* Pods-IOSBASEUITests.release.xcconfig */;
			buildSettings = {
				CODE_SIGN_STYLE = Automatic;
				DEVELOPMENT_TEAM = 56L859Z482;
				INFOPLIST_FILE = IOSBASEUITests/Info.plist;
				LD_RUNPATH_SEARCH_PATHS = (
					"$(inherited)",
					"@executable_path/Frameworks",
					"@loader_path/Frameworks",
				);
				PRODUCT_BUNDLE_IDENTIFIER = corzen.IOSBASEUITests;
				PRODUCT_NAME = "$(TARGET_NAME)";
				TARGETED_DEVICE_FAMILY = "1,2";
				TEST_TARGET_NAME = IOSBASE;
			};
			name = Release;
		};
/* End XCBuildConfiguration section */

/* Begin XCConfigurationList section */
		18EED2212252020800ACEF25 /* Build configuration list for PBXProject "IOSBASE" */ = {
			isa = XCConfigurationList;
			buildConfigurations = (
				18EED2502252020900ACEF25 /* Debug */,
				18EED2512252020900ACEF25 /* Release */,
			);
			defaultConfigurationIsVisible = 0;
			defaultConfigurationName = Release;
		};
		18EED2522252020900ACEF25 /* Build configuration list for PBXNativeTarget "IOSBASE" */ = {
			isa = XCConfigurationList;
			buildConfigurations = (
				18EED2532252020900ACEF25 /* Debug */,
				18EED2542252020900ACEF25 /* Release */,
			);
			defaultConfigurationIsVisible = 0;
			defaultConfigurationName = Release;
		};
		18EED2552252020900ACEF25 /* Build configuration list for PBXNativeTarget "IOSBASETests" */ = {
			isa = XCConfigurationList;
			buildConfigurations = (
				18EED2562252020900ACEF25 /* Debug */,
				18EED2572252020900ACEF25 /* Release */,
			);
			defaultConfigurationIsVisible = 0;
			defaultConfigurationName = Release;
		};
		18EED2582252020900ACEF25 /* Build configuration list for PBXNativeTarget "IOSBASEUITests" */ = {
			isa = XCConfigurationList;
			buildConfigurations = (
				18EED2592252020900ACEF25 /* Debug */,
				18EED25A2252020900ACEF25 /* Release */,
			);
			defaultConfigurationIsVisible = 0;
			defaultConfigurationName = Release;
		};
/* End XCConfigurationList section */
	};
	rootObject = 18EED21E2252020800ACEF25 /* Project object */;
}
